{
    "_readme": [
        "This file locks the dependencies of your project to a known state",
        "Read more about it at https://getcomposer.org/doc/01-basic-usage.md#composer-lock-the-lock-file",
        "This file is @generated automatically"
    ],
    "content-hash": "f59816f3f50fc42b06f6a009ca3a2480",
    "packages": [
        {
            "name": "doctrine/lexer",
            "version": "v1.0.1",
            "source": {
                "type": "git",
                "url": "https://github.com/doctrine/lexer.git",
                "reference": "83893c552fd2045dd78aef794c31e694c37c0b8c"
            },
            "dist": {
                "type": "zip",
                "url": "https://api.github.com/repos/doctrine/lexer/zipball/83893c552fd2045dd78aef794c31e694c37c0b8c",
                "reference": "83893c552fd2045dd78aef794c31e694c37c0b8c",
                "shasum": ""
            },
            "require": {
                "php": ">=5.3.2"
            },
            "type": "library",
            "extra": {
                "branch-alias": {
                    "dev-master": "1.0.x-dev"
                }
            },
            "autoload": {
                "psr-0": {
                    "Doctrine\\Common\\Lexer\\": "lib/"
                }
            },
            "notification-url": "https://packagist.org/downloads/",
            "license": [
                "MIT"
            ],
            "authors": [
                {
                    "name": "Roman Borschel",
                    "email": "roman@code-factory.org"
                },
                {
                    "name": "Guilherme Blanco",
                    "email": "guilhermeblanco@gmail.com"
                },
                {
                    "name": "Johannes Schmitt",
                    "email": "schmittjoh@gmail.com"
                }
            ],
            "description": "Base library for a lexer that can be used in Top-Down, Recursive Descent Parsers.",
            "homepage": "http://www.doctrine-project.org",
            "keywords": [
                "lexer",
                "parser"
            ],
            "time": "2014-09-09T13:34:57+00:00"
        },
        {
            "name": "egulias/email-validator",
            "version": "2.1.3",
            "source": {
                "type": "git",
                "url": "https://github.com/egulias/EmailValidator.git",
                "reference": "1bec00a10039b823cc94eef4eddd47dcd3b2ca04"
            },
            "dist": {
                "type": "zip",
                "url": "https://api.github.com/repos/egulias/EmailValidator/zipball/1bec00a10039b823cc94eef4eddd47dcd3b2ca04",
                "reference": "1bec00a10039b823cc94eef4eddd47dcd3b2ca04",
                "shasum": ""
            },
            "require": {
                "doctrine/lexer": "^1.0.1",
                "php": ">= 5.5"
            },
            "require-dev": {
                "dominicsayers/isemail": "dev-master",
                "phpunit/phpunit": "^4.8.35",
                "satooshi/php-coveralls": "^1.0.1"
            },
            "suggest": {
                "ext-intl": "PHP Internationalization Libraries are required to use the SpoofChecking validation"
            },
            "type": "library",
            "extra": {
                "branch-alias": {
                    "dev-master": "2.0.x-dev"
                }
            },
            "autoload": {
                "psr-4": {
                    "Egulias\\EmailValidator\\": "EmailValidator"
                }
            },
            "notification-url": "https://packagist.org/downloads/",
            "license": [
                "MIT"
            ],
            "authors": [
                {
                    "name": "Eduardo Gulias Davis"
                }
            ],
            "description": "A library for validating emails against several RFCs",
            "homepage": "https://github.com/egulias/EmailValidator",
            "keywords": [
                "email",
                "emailvalidation",
                "emailvalidator",
                "validation",
                "validator"
            ],
            "time": "2017-11-15T23:40:40+00:00"
        },
        {
            "name": "jeffsocal/proxy-chart",
            "version": "dev-master",
            "source": {
                "type": "git",
                "url": "https://github.com/jeffsocal/proxy-chart.git",
                "reference": "d5db206f9e22b0856d84816adcc25cac68924f12"
            },
            "dist": {
                "type": "zip",
                "url": "https://api.github.com/repos/jeffsocal/proxy-chart/zipball/d5db206f9e22b0856d84816adcc25cac68924f12",
                "reference": "d5db206f9e22b0856d84816adcc25cac68924f12",
                "shasum": ""
            },
            "require": {
                "php": ">=7.0.0"
            },
            "type": "library",
            "autoload": {
                "psr-4": {
                    "ProxyChart\\": "src/"
                }
            },
            "license": [
                "MIT"
            ],
            "authors": [
                {
                    "name": "Jeff Jones",
                    "email": "jeff@socalbioinformatics.com",
                    "homepage": "https://github.com/jeffsocal",
                    "role": "Developer"
                }
            ],
            "description": "PHP integration of Plotly.js",
            "homepage": "https://github.com/jeffsocal/proxy-chart/",
            "keywords": [
                "Plotly"
            ],
            "support": {
                "source": "https://github.com/jeffsocal/proxy-chart/tree/master",
                "issues": "https://github.com/jeffsocal/proxy-chart/issues"
            },
            "time": "2018-03-29T16:14:10+00:00"
        },
        {
            "name": "jeffsocal/proxy-html",
            "version": "dev-master",
            "source": {
                "type": "git",
                "url": "https://github.com/jeffsocal/proxy-html.git",
                "reference": "d41afc14a06c5d3c8c79d4d3c94f8d7d696ee378"
            },
            "dist": {
                "type": "zip",
                "url": "https://api.github.com/repos/jeffsocal/proxy-html/zipball/d41afc14a06c5d3c8c79d4d3c94f8d7d696ee378",
                "reference": "d41afc14a06c5d3c8c79d4d3c94f8d7d696ee378",
                "shasum": ""
            },
            "require": {
                "php": ">=7.0.0"
            },
            "type": "library",
            "autoload": {
                "psr-4": {
                    "ProxyHTML\\": "src/"
                }
            },
            "license": [
                "MIT"
            ],
            "authors": [
                {
                    "name": "Jeff Jones",
                    "email": "jeff@socalbioinformatics.com",
                    "homepage": "https://github.com/jeffsocal",
                    "role": "Developer"
                }
            ],
            "description": "PHP implementation of Bootstrap v4",
            "homepage": "https://github.com/jeffsocal/proxy-html/",
            "keywords": [
                "Boostrap"
            ],
            "support": {
                "source": "https://github.com/jeffsocal/proxy-html/tree/master",
                "issues": "https://github.com/jeffsocal/proxy-html/issues"
            },
            "time": "2018-04-06T22:55:11+00:00"
        },
        {
            "name": "jeffsocal/proxy-io",
            "version": "dev-master",
            "source": {
                "type": "git",
                "url": "https://github.com/jeffsocal/proxy-io.git",
                "reference": "e1146a18a850b41313539617d30989fb3bd08592"
            },
            "dist": {
                "type": "zip",
                "url": "https://api.github.com/repos/jeffsocal/proxy-io/zipball/e1146a18a850b41313539617d30989fb3bd08592",
                "reference": "e1146a18a850b41313539617d30989fb3bd08592",
                "shasum": ""
            },
            "require": {
                "php": ">=7.0.0"
            },
            "type": "library",
            "autoload": {
                "psr-4": {
                    "ProxyIO\\": "src/"
                }
            },
            "license": [
                "MIT"
            ],
            "authors": [
                {
                    "name": "Jeff Jones",
                    "email": "jeff@socalbioinformatics.com",
                    "homepage": "https://github.com/jeffsocal",
                    "role": "Developer"
                }
            ],
            "description": "PHP disk interactions, array and table functions",
            "homepage": "https://github.com/jeffsocal/proxy-io/",
            "keywords": [
                "Boostrap"
            ],
            "support": {
                "source": "https://github.com/jeffsocal/proxy-io/tree/master",
                "issues": "https://github.com/jeffsocal/proxy-io/issues"
            },
            "time": "2018-04-06T22:54:20+00:00"
        },
        {
            "name": "jeffsocal/proxy-mysql",
            "version": "dev-master",
            "source": {
                "type": "git",
                "url": "https://github.com/jeffsocal/proxy-mysql.git",
                "reference": "e1e593c3c49149a9412654803f3081f15bfb368d"
            },
            "dist": {
                "type": "zip",
                "url": "https://api.github.com/repos/jeffsocal/proxy-mysql/zipball/e1e593c3c49149a9412654803f3081f15bfb368d",
                "reference": "e1e593c3c49149a9412654803f3081f15bfb368d",
                "shasum": ""
            },
            "require": {
                "php": ">=7.0.0"
            },
            "type": "library",
            "autoload": {
                "psr-4": {
                    "ProxyMySQL\\": "src/"
                }
            },
            "license": [
                "MIT"
            ],
            "authors": [
                {
                    "name": "Jeff Jones",
                    "email": "jeff@socalbioinformatics.com",
                    "homepage": "https://github.com/jeffsocal",
                    "role": "Developer"
                }
            ],
            "description": "PHP implementation for mysqli, native queries and parameterized",
            "homepage": "https://github.com/jeffsocal/proxy-mysql/",
            "keywords": [
                "Boostrap"
            ],
            "support": {
                "source": "https://github.com/jeffsocal/proxy-mysql/tree/master",
                "issues": "https://github.com/jeffsocal/proxy-mysql/issues"
            },
            "time": "2018-04-04T21:02:34+00:00"
        },
        {
            "name": "jeffsocal/proxy-sci",
            "version": "dev-master",
            "source": {
                "type": "git",
                "url": "https://github.com/jeffsocal/proxy-sci.git",
                "reference": "91333047a7cb064db7fd2a7004263dc07974e1bd"
            },
            "dist": {
                "type": "zip",
                "url": "https://api.github.com/repos/jeffsocal/proxy-sci/zipball/91333047a7cb064db7fd2a7004263dc07974e1bd",
                "reference": "91333047a7cb064db7fd2a7004263dc07974e1bd",
                "shasum": ""
            },
            "require": {
                "php": ">=7.0.0"
            },
            "type": "library",
            "autoload": {
                "psr-4": {
                    "ProxySci\\": "src/"
                }
            },
            "license": [
                "MIT"
            ],
            "authors": [
                {
                    "name": "Jeff Jones",
                    "email": "jeff@socalbioinformatics.com",
                    "homepage": "https://github.com/jeffsocal",
                    "role": "Developer"
                }
            ],
            "description": "PHP implementation of functions and classes for math and science",
            "homepage": "https://github.com/jeffsocal/proxy-sci/",
            "keywords": [
                "Boostrap"
            ],
            "support": {
                "source": "https://github.com/jeffsocal/proxy-sci/tree/master",
                "issues": "https://github.com/jeffsocal/proxy-sci/issues"
            },
            "time": "2018-04-06T23:00:07+00:00"
        },
        {
            "name": "jeffsocal/proxy-time",
            "version": "dev-master",
            "source": {
                "type": "git",
                "url": "https://github.com/jeffsocal/proxy-time.git",
                "reference": "dbf186ce6c2339c3f6168ebb09a497cdd5aac720"
            },
            "dist": {
                "type": "zip",
                "url": "https://api.github.com/repos/jeffsocal/proxy-time/zipball/dbf186ce6c2339c3f6168ebb09a497cdd5aac720",
                "reference": "dbf186ce6c2339c3f6168ebb09a497cdd5aac720",
                "shasum": ""
            },
            "require": {
                "php": ">=7.0.0"
            },
            "type": "library",
            "autoload": {
                "psr-4": {
                    "ProxyTime\\": "src/"
                }
            },
            "license": [
                "MIT"
            ],
            "authors": [
                {
                    "name": "Jeff Jones",
                    "email": "jeff@socalbioinformatics.com",
                    "homepage": "https://github.com/jeffsocal",
                    "role": "Developer"
                }
            ],
            "description": "PHP simple timer and progress timer",
            "homepage": "https://github.com/jeffsocal/proxy-time/",
            "keywords": [
                "Boostrap"
            ],
            "support": {
                "source": "https://github.com/jeffsocal/proxy-time/tree/master",
                "issues": "https://github.com/jeffsocal/proxy-time/issues"
            },
            "time": "2018-03-29T16:21:41+00:00"
        },
        {
            "name": "markrogoyski/math-php",
            "version": "v0.40.0",
            "source": {
                "type": "git",
                "url": "https://github.com/markrogoyski/math-php.git",
                "reference": "22b3ec83e0e98484d502eac4a149ddf06c886eaf"
            },
            "dist": {
                "type": "zip",
                "url": "https://api.github.com/repos/markrogoyski/math-php/zipball/22b3ec83e0e98484d502eac4a149ddf06c886eaf",
                "reference": "22b3ec83e0e98484d502eac4a149ddf06c886eaf",
                "shasum": ""
            },
            "require": {
                "php": ">=7.0.0"
            },
            "require-dev": {
                "phpunit/phpunit": "6.*",
                "satooshi/php-coveralls": "^2.0",
                "squizlabs/php_codesniffer": "2.*"
            },
            "type": "library",
            "autoload": {
                "psr-4": {
                    "MathPHP\\": "src/"
                }
            },
            "notification-url": "https://packagist.org/downloads/",
            "license": [
                "MIT"
            ],
            "authors": [
                {
                    "name": "Mark Rogoyski",
                    "email": "mark@rogoyski.com",
                    "homepage": "https://github.com/markrogoyski",
                    "role": "Developer"
                },
                {
                    "name": "Kevin Nowaczyk",
                    "role": "Contributor"
                },
                {
                    "name": "Jakob Sandberg",
                    "role": "Contributor"
                }
            ],
            "description": "Math Library for PHP. Features descriptive statistics and regressions; Continuous and discrete probability distributions; Linear algebra with matrices and vectors, Numerical analysis; special mathematical functions; Algebra",
            "homepage": "https://github.com/markrogoyski/math-php/",
            "keywords": [
                "algebra",
                "combinatorics",
                "distributions",
                "linear algebra",
                "math",
                "mathematics",
                "matrix",
                "numerical analysis",
                "probability",
                "regressions",
                "statistics"
            ],
            "time": "2018-03-22T05:06:47+00:00"
        },
        {
            "name": "swiftmailer/swiftmailer",
            "version": "v6.0.2",
            "source": {
                "type": "git",
                "url": "https://github.com/swiftmailer/swiftmailer.git",
                "reference": "412333372fb6c8ffb65496a2bbd7321af75733fc"
            },
            "dist": {
                "type": "zip",
                "url": "https://api.github.com/repos/swiftmailer/swiftmailer/zipball/412333372fb6c8ffb65496a2bbd7321af75733fc",
                "reference": "412333372fb6c8ffb65496a2bbd7321af75733fc",
                "shasum": ""
            },
            "require": {
                "egulias/email-validator": "~2.0",
                "php": ">=7.0.0"
            },
            "require-dev": {
                "mockery/mockery": "~0.9.1",
                "symfony/phpunit-bridge": "~3.3@dev"
            },
            "type": "library",
            "extra": {
                "branch-alias": {
                    "dev-master": "6.0-dev"
                }
            },
            "autoload": {
                "files": [
                    "lib/swift_required.php"
                ]
            },
            "notification-url": "https://packagist.org/downloads/",
            "license": [
                "MIT"
            ],
            "authors": [
                {
                    "name": "Chris Corbyn"
                },
                {
                    "name": "Fabien Potencier",
                    "email": "fabien@symfony.com"
                }
            ],
            "description": "Swiftmailer, free feature-rich PHP mailer",
            "homepage": "http://swiftmailer.symfony.com",
            "keywords": [
                "email",
                "mail",
                "mailer"
            ],
            "time": "2017-09-30T22:39:41+00:00"
        }
    ],
    "packages-dev": [],
    "aliases": [],
    "minimum-stability": "stable",
    "stability-flags": {
        "jeffsocal/proxy-chart": 20,
        "jeffsocal/proxy-html": 20,
        "jeffsocal/proxy-io": 20,
        "jeffsocal/proxy-mysql": 20,
        "jeffsocal/proxy-sci": 20,
        "jeffsocal/proxy-time": 20
    },
    "prefer-stable": false,
    "prefer-lowest": false,
    "platform": [],
    "platform-dev": []
}
